
Microsoft Visual Studio Solution File, Format Version 10.00
# Visual Studio 2008
Project("{F14B399A-7131-4C87-9E4B-1186C45EF12D}") = "Community Edition Reports", "Community Edition Reports\Community Edition Reports.rptproj", "{D15A6B7B-6C71-4CCB-9B03-14A801E0AB07}"
EndProject
Global
	GlobalSection(SolutionConfigurationPlatforms) = preSolution
		Debug|Default = Debug|Default
		DebugLocal|Default = DebugLocal|Default
		Release|Default = Release|Default
	EndGlobalSection
	GlobalSection(ProjectConfigurationPlatforms) = postSolution
		{D15A6B7B-6C71-4CCB-9B03-14A801E0AB07}.Debug|Default.ActiveCfg = Debug
		{D15A6B7B-6C71-4CCB-9B03-14A801E0AB07}.Debug|Default.Build.0 = DebugLocal
		{D15A6B7B-6C71-4CCB-9B03-14A801E0AB07}.Debug|Default.Deploy.0 = DebugLocal
		{D15A6B7B-6C71-4CCB-9B03-14A801E0AB07}.DebugLocal|Default.ActiveCfg = DebugLocal
		{D15A6B7B-6C71-4CCB-9B03-14A801E0AB07}.DebugLocal|Default.Build.0 = DebugLocal
		{D15A6B7B-6C71-4CCB-9B03-14A801E0AB07}.Release|Default.ActiveCfg = Release
		{D15A6B7B-6C71-4CCB-9B03-14A801E0AB07}.Release|Default.Build.0 = Release
		{D15A6B7B-6C71-4CCB-9B03-14A801E0AB07}.Release|Default.Deploy.0 = Release
	EndGlobalSection
	GlobalSection(SolutionProperties) = preSolution
		HideSolutionNode = FALSE
	EndGlobalSection
EndGlobal
